// !$*UTF8*$!
{
	archiveVersion = 1;
	classes = {
	};
	objectVersion = 77;
	objects = {

/* Begin PBXBuildFile section */
		9EFEF0162D509D550028E0E3 /* AppDelegate.swift in Sources */ = {isa = PBXBuildFile; fileRef = 9EFEF00C2D509D550028E0E3 /* AppDelegate.swift */; };
		9EFEF0172D509D550028E0E3 /* SceneDelegate.swift in Sources */ = {isa = PBXBuildFile; fileRef = 9EFEF0132D509D550028E0E3 /* SceneDelegate.swift */; };
		9EFEF0182D509D550028E0E3 /* WeatherViewController.swift in Sources */ = {isa = PBXBuildFile; fileRef = 9EFEF0142D509D550028E0E3 /* WeatherViewController.swift */; };
		9EFEF0192D509D550028E0E3 /* Assets.xcassets in Resources */ = {isa = PBXBuildFile; fileRef = 9EFEF00D2D509D550028E0E3 /* Assets.xcassets */; };
		9EFEF01B2D509D550028E0E3 /* LaunchScreen.storyboard in Resources */ = {isa = PBXBuildFile; fileRef = 9EFEF0102D509D550028E0E3 /* LaunchScreen.storyboard */; };
		9EFEF0202D509EB90028E0E3 /* Alamofire in Frameworks */ = {isa = PBXBuildFile; productRef = 9EFEF01F2D509EB90028E0E3 /* Alamofire */; };
		9EFEF0232D509EC20028E0E3 /* SnapKit in Frameworks */ = {isa = PBXBuildFile; productRef = 9EFEF0222D509EC20028E0E3 /* SnapKit */; };
		9EFEF02D2D509F710028E0E3 /* UILabel+.swift in Sources */ = {isa = PBXBuildFile; fileRef = 9EFEF0282D509F710028E0E3 /* UILabel+.swift */; };
		9EFEF02F2D509F710028E0E3 /* UIFont+.swift in Sources */ = {isa = PBXBuildFile; fileRef = 9EFEF0262D509F710028E0E3 /* UIFont+.swift */; };
		9EFEF0302D509F710028E0E3 /* UIButton+.swift in Sources */ = {isa = PBXBuildFile; fileRef = 9EFEF0252D509F710028E0E3 /* UIButton+.swift */; };
		9EFEF0312D509F710028E0E3 /* UIView+.swift in Sources */ = {isa = PBXBuildFile; fileRef = 9EFEF02B2D509F710028E0E3 /* UIView+.swift */; };
		9EFEF0322D509F710028E0E3 /* UITextField+.swift in Sources */ = {isa = PBXBuildFile; fileRef = 9EFEF02A2D509F710028E0E3 /* UITextField+.swift */; };
		9EFEF0332D509F710028E0E3 /* UIStackView+.swift in Sources */ = {isa = PBXBuildFile; fileRef = 9EFEF0292D509F710028E0E3 /* UIStackView+.swift */; };
		9EFEF0392D50A7FB0028E0E3 /* Then in Frameworks */ = {isa = PBXBuildFile; productRef = 9EFEF0382D50A7FB0028E0E3 /* Then */; };
		9EFEF03C2D50B55B0028E0E3 /* Config.swift in Sources */ = {isa = PBXBuildFile; fileRef = 9EFEF03B2D50B55B0028E0E3 /* Config.swift */; };
		9EFEF03F2D50B5D70028E0E3 /* Secret.xcconfig in Resources */ = {isa = PBXBuildFile; fileRef = 9EFEF03E2D50B5D70028E0E3 /* Secret.xcconfig */; };
/* End PBXBuildFile section */

/* Begin PBXFileReference section */
		9EFEEFF42D509D4E0028E0E3 /* DailyTask_week7.app */ = {isa = PBXFileReference; explicitFileType = wrapper.application; includeInIndex = 0; path = DailyTask_week7.app; sourceTree = BUILT_PRODUCTS_DIR; };
		9EFEF00C2D509D550028E0E3 /* AppDelegate.swift */ = {isa = PBXFileReference; lastKnownFileType = sourcecode.swift; path = AppDelegate.swift; sourceTree = "<group>"; };
		9EFEF00D2D509D550028E0E3 /* Assets.xcassets */ = {isa = PBXFileReference; lastKnownFileType = folder.assetcatalog; path = Assets.xcassets; sourceTree = "<group>"; };
		9EFEF00E2D509D550028E0E3 /* Info.plist */ = {isa = PBXFileReference; lastKnownFileType = text.plist.xml; path = Info.plist; sourceTree = "<group>"; };
		9EFEF00F2D509D550028E0E3 /* Base */ = {isa = PBXFileReference; lastKnownFileType = file.storyboard; name = Base; path = Base.lproj/LaunchScreen.storyboard; sourceTree = "<group>"; };
		9EFEF0132D509D550028E0E3 /* SceneDelegate.swift */ = {isa = PBXFileReference; lastKnownFileType = sourcecode.swift; path = SceneDelegate.swift; sourceTree = "<group>"; };
		9EFEF0142D509D550028E0E3 /* WeatherViewController.swift */ = {isa = PBXFileReference; lastKnownFileType = sourcecode.swift; path = WeatherViewController.swift; sourceTree = "<group>"; };
		9EFEF0252D509F710028E0E3 /* UIButton+.swift */ = {isa = PBXFileReference; lastKnownFileType = sourcecode.swift; path = "UIButton+.swift"; sourceTree = "<group>"; };
		9EFEF0262D509F710028E0E3 /* UIFont+.swift */ = {isa = PBXFileReference; lastKnownFileType = sourcecode.swift; path = "UIFont+.swift"; sourceTree = "<group>"; };
		9EFEF0282D509F710028E0E3 /* UILabel+.swift */ = {isa = PBXFileReference; lastKnownFileType = sourcecode.swift; path = "UILabel+.swift"; sourceTree = "<group>"; };
		9EFEF0292D509F710028E0E3 /* UIStackView+.swift */ = {isa = PBXFileReference; lastKnownFileType = sourcecode.swift; path = "UIStackView+.swift"; sourceTree = "<group>"; };
		9EFEF02A2D509F710028E0E3 /* UITextField+.swift */ = {isa = PBXFileReference; lastKnownFileType = sourcecode.swift; path = "UITextField+.swift"; sourceTree = "<group>"; };
		9EFEF02B2D509F710028E0E3 /* UIView+.swift */ = {isa = PBXFileReference; lastKnownFileType = sourcecode.swift; path = "UIView+.swift"; sourceTree = "<group>"; };
		9EFEF03B2D50B55B0028E0E3 /* Config.swift */ = {isa = PBXFileReference; lastKnownFileType = sourcecode.swift; path = Config.swift; sourceTree = "<group>"; };
		9EFEF03E2D50B5D70028E0E3 /* Secret.xcconfig */ = {isa = PBXFileReference; lastKnownFileType = text.xcconfig; path = Secret.xcconfig; sourceTree = "<group>"; };
/* End PBXFileReference section */

/* Begin PBXFrameworksBuildPhase section */
		9EFEEFF12D509D4E0028E0E3 /* Frameworks */ = {
			isa = PBXFrameworksBuildPhase;
			buildActionMask = 2147483647;
			files = (
				9EFEF0202D509EB90028E0E3 /* Alamofire in Frameworks */,
				9EFEF0392D50A7FB0028E0E3 /* Then in Frameworks */,
				9EFEF0232D509EC20028E0E3 /* SnapKit in Frameworks */,
			);
			runOnlyForDeploymentPostprocessing = 0;
		};
/* End PBXFrameworksBuildPhase section */

/* Begin PBXGroup section */
		9EFEEFEB2D509D4E0028E0E3 = {
			isa = PBXGroup;
			children = (
				9EFEF0152D509D550028E0E3 /* DailyTask_week7 */,
				9EFEF0372D50A7FB0028E0E3 /* Frameworks */,
				9EFEEFF52D509D4E0028E0E3 /* Products */,
			);
			sourceTree = "<group>";
		};
		9EFEEFF52D509D4E0028E0E3 /* Products */ = {
			isa = PBXGroup;
			children = (
				9EFEEFF42D509D4E0028E0E3 /* DailyTask_week7.app */,
			);
			name = Products;
			sourceTree = "<group>";
		};
		9EFEF0152D509D550028E0E3 /* DailyTask_week7 */ = {
			isa = PBXGroup;
			children = (
				9EFEF00E2D509D550028E0E3 /* Info.plist */,
				9EFEF00D2D509D550028E0E3 /* Assets.xcassets */,
				9EFEF01D2D509D590028E0E3 /* Application */,
				9EFEF0142D509D550028E0E3 /* WeatherViewController.swift */,
				9EFEF03A2D50B54C0028E0E3 /* Setting */,
				9EFEF02C2D509F710028E0E3 /* Extensions */,
			);
			path = DailyTask_week7;
			sourceTree = "<group>";
		};
		9EFEF01D2D509D590028E0E3 /* Application */ = {
			isa = PBXGroup;
			children = (
				9EFEF00C2D509D550028E0E3 /* AppDelegate.swift */,
				9EFEF0132D509D550028E0E3 /* SceneDelegate.swift */,
				9EFEF0102D509D550028E0E3 /* LaunchScreen.storyboard */,
			);
			path = Application;
			sourceTree = "<group>";
		};
		9EFEF02C2D509F710028E0E3 /* Extensions */ = {
			isa = PBXGroup;
			children = (
				9EFEF0252D509F710028E0E3 /* UIButton+.swift */,
				9EFEF0262D509F710028E0E3 /* UIFont+.swift */,
				9EFEF0282D509F710028E0E3 /* UILabel+.swift */,
				9EFEF0292D509F710028E0E3 /* UIStackView+.swift */,
				9EFEF02A2D509F710028E0E3 /* UITextField+.swift */,
				9EFEF02B2D509F710028E0E3 /* UIView+.swift */,
			);
			path = Extensions;
			sourceTree = "<group>";
		};
		9EFEF0372D50A7FB0028E0E3 /* Frameworks */ = {
			isa = PBXGroup;
			children = (
			);
			name = Frameworks;
			sourceTree = "<group>";
		};
		9EFEF03A2D50B54C0028E0E3 /* Setting */ = {
			isa = PBXGroup;
			children = (
				9EFEF03D2D50B5820028E0E3 /* Configuration */,
			);
			path = Setting;
			sourceTree = "<group>";
		};
		9EFEF03D2D50B5820028E0E3 /* Configuration */ = {
			isa = PBXGroup;
			children = (
				9EFEF03B2D50B55B0028E0E3 /* Config.swift */,
				9EFEF03E2D50B5D70028E0E3 /* Secret.xcconfig */,
			);
			path = Configuration;
			sourceTree = "<group>";
		};
/* End PBXGroup section */

/* Begin PBXNativeTarget section */
		9EFEEFF32D509D4E0028E0E3 /* DailyTask_week7 */ = {
			isa = PBXNativeTarget;
			buildConfigurationList = 9EFEF0072D509D510028E0E3 /* Build configuration list for PBXNativeTarget "DailyTask_week7" */;
			buildPhases = (
				9EFEEFF02D509D4E0028E0E3 /* Sources */,
				9EFEEFF12D509D4E0028E0E3 /* Frameworks */,
				9EFEEFF22D509D4E0028E0E3 /* Resources */,
			);
			buildRules = (
			);
			dependencies = (
			);
			name = DailyTask_week7;
			packageProductDependencies = (
				9EFEF01F2D509EB90028E0E3 /* Alamofire */,
				9EFEF0222D509EC20028E0E3 /* SnapKit */,
				9EFEF0382D50A7FB0028E0E3 /* Then */,
			);
			productName = DailyTask_week7;
			productReference = 9EFEEFF42D509D4E0028E0E3 /* DailyTask_week7.app */;
			productType = "com.apple.product-type.application";
		};
/* End PBXNativeTarget section */

/* Begin PBXProject section */
		9EFEEFEC2D509D4E0028E0E3 /* Project object */ = {
			isa = PBXProject;
			attributes = {
				BuildIndependentTargetsInParallel = 1;
				LastSwiftUpdateCheck = 1610;
				LastUpgradeCheck = 1610;
				TargetAttributes = {
					9EFEEFF32D509D4E0028E0E3 = {
						CreatedOnToolsVersion = 16.1;
					};
				};
			};
			buildConfigurationList = 9EFEEFEF2D509D4E0028E0E3 /* Build configuration list for PBXProject "DailyTask_week7" */;
			developmentRegion = en;
			hasScannedForEncodings = 0;
			knownRegions = (
				en,
				Base,
			);
			mainGroup = 9EFEEFEB2D509D4E0028E0E3;
			minimizedProjectReferenceProxies = 1;
			packageReferences = (
				9EFEF01E2D509EB90028E0E3 /* XCRemoteSwiftPackageReference "Alamofire" */,
				9EFEF0212D509EC20028E0E3 /* XCRemoteSwiftPackageReference "SnapKit" */,
				9EFEF0242D509ECB0028E0E3 /* XCRemoteSwiftPackageReference "Then" */,
			);
			preferredProjectObjectVersion = 77;
			productRefGroup = 9EFEEFF52D509D4E0028E0E3 /* Products */;
			projectDirPath = "";
			projectRoot = "";
			targets = (
				9EFEEFF32D509D4E0028E0E3 /* DailyTask_week7 */,
			);
		};
/* End PBXProject section */

/* Begin PBXResourcesBuildPhase section */
		9EFEEFF22D509D4E0028E0E3 /* Resources */ = {
			isa = PBXResourcesBuildPhase;
			buildActionMask = 2147483647;
			files = (
				9EFEF03F2D50B5D70028E0E3 /* Secret.xcconfig in Resources */,
				9EFEF0192D509D550028E0E3 /* Assets.xcassets in Resources */,
				9EFEF01B2D509D550028E0E3 /* LaunchScreen.storyboard in Resources */,
			);
			runOnlyForDeploymentPostprocessing = 0;
		};
/* End PBXResourcesBuildPhase section */

/* Begin PBXSourcesBuildPhase section */
		9EFEEFF02D509D4E0028E0E3 /* Sources */ = {
			isa = PBXSourcesBuildPhase;
			buildActionMask = 2147483647;
			files = (
				9EFEF0162D509D550028E0E3 /* AppDelegate.swift in Sources */,
				9EFEF0172D509D550028E0E3 /* SceneDelegate.swift in Sources */,
				9EFEF0182D509D550028E0E3 /* WeatherViewController.swift in Sources */,
				9EFEF02D2D509F710028E0E3 /* UILabel+.swift in Sources */,
				9EFEF02F2D509F710028E0E3 /* UIFont+.swift in Sources */,
				9EFEF0302D509F710028E0E3 /* UIButton+.swift in Sources */,
				9EFEF0312D509F710028E0E3 /* UIView+.swift in Sources */,
				9EFEF03C2D50B55B0028E0E3 /* Config.swift in Sources */,
				9EFEF0322D509F710028E0E3 /* UITextField+.swift in Sources */,
				9EFEF0332D509F710028E0E3 /* UIStackView+.swift in Sources */,
			);
			runOnlyForDeploymentPostprocessing = 0;
		};
/* End PBXSourcesBuildPhase section */

/* Begin PBXVariantGroup section */
		9EFEF0102D509D550028E0E3 /* LaunchScreen.storyboard */ = {
			isa = PBXVariantGroup;
			children = (
				9EFEF00F2D509D550028E0E3 /* Base */,
			);
			name = LaunchScreen.storyboard;
			sourceTree = "<group>";
		};
/* End PBXVariantGroup section */

/* Begin XCBuildConfiguration section */
		9EFEF0082D509D510028E0E3 /* Debug */ = {
			isa = XCBuildConfiguration;
			baseConfigurationReference = 9EFEF03E2D50B5D70028E0E3 /* Secret.xcconfig */;
			buildSettings = {
				ASSETCATALOG_COMPILER_APPICON_NAME = AppIcon;
				ASSETCATALOG_COMPILER_GLOBAL_ACCENT_COLOR_NAME = AccentColor;
				CODE_SIGN_STYLE = Automatic;
				CURRENT_PROJECT_VERSION = 1;
				DEVELOPMENT_TEAM = A95XXD5WT7;
				GENERATE_INFOPLIST_FILE = YES;
				INFOPLIST_FILE = DailyTask_week7/Info.plist;
				INFOPLIST_KEY_NSLocationWhenInUseUsageDescription = "위치 권한 허용해주세요! 과제하는데 필요해요!";
				INFOPLIST_KEY_UIApplicationSupportsIndirectInputEvents = YES;
				INFOPLIST_KEY_UILaunchStoryboardName = LaunchScreen;
				INFOPLIST_KEY_UISupportedInterfaceOrientations = UIInterfaceOrientationPortrait;
				IPHONEOS_DEPLOYMENT_TARGET = 18.0;
				LD_RUNPATH_SEARCH_PATHS = (
					"$(inherited)",
					"@executable_path/Frameworks",
				);
				MARKETING_VERSION = 1.0;
				PRODUCT_BUNDLE_IDENTIFIER = "com.psy.DailyTask-week7";
				PRODUCT_NAME = "$(TARGET_NAME)";
				SUPPORTED_PLATFORMS = "iphoneos iphonesimulator";
				SUPPORTS_MACCATALYST = NO;
				SUPPORTS_MAC_DESIGNED_FOR_IPHONE_IPAD = NO;
				SUPPORTS_XR_DESIGNED_FOR_IPHONE_IPAD = NO;
				SWIFT_EMIT_LOC_STRINGS = YES;
				SWIFT_VERSION = 5.0;
				TARGETED_DEVICE_FAMILY = 1;
			};
			name = Debug;
		};
		9EFEF0092D509D510028E0E3 /* Release */ = {
			isa = XCBuildConfiguration;
			baseConfigurationReference = 9EFEF03E2D50B5D70028E0E3 /* Secret.xcconfig */;
			buildSettings = {
				ASSETCATALOG_COMPILER_APPICON_NAME = AppIcon;
				ASSETCATALOG_COMPILER_GLOBAL_ACCENT_COLOR_NAME = AccentColor;
				CODE_SIGN_STYLE = Automatic;
				CURRENT_PROJECT_VERSION = 1;
				DEVELOPMENT_TEAM = A95XXD5WT7;
				GENERATE_INFOPLIST_FILE = YES;
				INFOPLIST_FILE = DailyTask_week7/Info.plist;
				INFOPLIST_KEY_NSLocationWhenInUseUsageDescription = "위치 권한 허용해주세요! 과제하는데 필요해요!";
				INFOPLIST_KEY_UIApplicationSupportsIndirectInputEvents = YES;
				INFOPLIST_KEY_UILaunchStoryboardName = LaunchScreen;
				INFOPLIST_KEY_UISupportedInterfaceOrientations = UIInterfaceOrientationPortrait;
				IPHONEOS_DEPLOYMENT_TARGET = 18.0;
				LD_RUNPATH_SEARCH_PATHS = (
					"$(inherited)",
					"@executable_path/Frameworks",
				);
				MARKETING_VERSION = 1.0;
				PRODUCT_BUNDLE_IDENTIFIER = "com.psy.DailyTask-week7";
				PRODUCT_NAME = "$(TARGET_NAME)";
				SUPPORTED_PLATFORMS = "iphoneos iphonesimulator";
				SUPPORTS_MACCATALYST = NO;
				SUPPORTS_MAC_DESIGNED_FOR_IPHONE_IPAD = NO;
				SUPPORTS_XR_DESIGNED_FOR_IPHONE_IPAD = NO;
				SWIFT_EMIT_LOC_STRINGS = YES;
				SWIFT_VERSION = 5.0;
				TARGETED_DEVICE_FAMILY = 1;
			};
			name = Release;
		};
		9EFEF00A2D509D510028E0E3 /* Debug */ = {
			isa = XCBuildConfiguration;
			buildSettings = {
				ALWAYS_SEARCH_USER_PATHS = NO;
				ASSETCATALOG_COMPILER_GENERATE_SWIFT_ASSET_SYMBOL_EXTENSIONS = YES;
				CLANG_ANALYZER_NONNULL = YES;
				CLANG_ANALYZER_NUMBER_OBJECT_CONVERSION = YES_AGGRESSIVE;
				CLANG_CXX_LANGUAGE_STANDARD = "gnu++20";
				CLANG_ENABLE_MODULES = YES;
				CLANG_ENABLE_OBJC_ARC = YES;
				CLANG_ENABLE_OBJC_WEAK = YES;
				CLANG_WARN_BLOCK_CAPTURE_AUTORELEASING = YES;
				CLANG_WARN_BOOL_CONVERSION = YES;
				CLANG_WARN_COMMA = YES;
				CLANG_WARN_CONSTANT_CONVERSION = YES;
				CLANG_WARN_DEPRECATED_OBJC_IMPLEMENTATIONS = YES;
				CLANG_WARN_DIRECT_OBJC_ISA_USAGE = YES_ERROR;
				CLANG_WARN_DOCUMENTATION_COMMENTS = YES;
				CLANG_WARN_EMPTY_BODY = YES;
				CLANG_WARN_ENUM_CONVERSION = YES;
				CLANG_WARN_INFINITE_RECURSION = YES;
				CLANG_WARN_INT_CONVERSION = YES;
				CLANG_WARN_NON_LITERAL_NULL_CONVERSION = YES;
				CLANG_WARN_OBJC_IMPLICIT_RETAIN_SELF = YES;
				CLANG_WARN_OBJC_LITERAL_CONVERSION = YES;
				CLANG_WARN_OBJC_ROOT_CLASS = YES_ERROR;
				CLANG_WARN_QUOTED_INCLUDE_IN_FRAMEWORK_HEADER = YES;
				CLANG_WARN_RANGE_LOOP_ANALYSIS = YES;
				CLANG_WARN_STRICT_PROTOTYPES = YES;
				CLANG_WARN_SUSPICIOUS_MOVE = YES;
				CLANG_WARN_UNGUARDED_AVAILABILITY = YES_AGGRESSIVE;
				CLANG_WARN_UNREACHABLE_CODE = YES;
				CLANG_WARN__DUPLICATE_METHOD_MATCH = YES;
				COPY_PHASE_STRIP = NO;
				DEBUG_INFORMATION_FORMAT = dwarf;
				ENABLE_STRICT_OBJC_MSGSEND = YES;
				ENABLE_TESTABILITY = YES;
				ENABLE_USER_SCRIPT_SANDBOXING = YES;
				GCC_C_LANGUAGE_STANDARD = gnu17;
				GCC_DYNAMIC_NO_PIC = NO;
				GCC_NO_COMMON_BLOCKS = YES;
				GCC_OPTIMIZATION_LEVEL = 0;
				GCC_PREPROCESSOR_DEFINITIONS = (
					"DEBUG=1",
					"$(inherited)",
				);
				GCC_WARN_64_TO_32_BIT_CONVERSION = YES;
				GCC_WARN_ABOUT_RETURN_TYPE = YES_ERROR;
				GCC_WARN_UNDECLARED_SELECTOR = YES;
				GCC_WARN_UNINITIALIZED_AUTOS = YES_AGGRESSIVE;
				GCC_WARN_UNUSED_FUNCTION = YES;
				GCC_WARN_UNUSED_VARIABLE = YES;
				IPHONEOS_DEPLOYMENT_TARGET = 18.1;
				LOCALIZATION_PREFERS_STRING_CATALOGS = YES;
				MTL_ENABLE_DEBUG_INFO = INCLUDE_SOURCE;
				MTL_FAST_MATH = YES;
				ONLY_ACTIVE_ARCH = YES;
				SDKROOT = iphoneos;
				SWIFT_ACTIVE_COMPILATION_CONDITIONS = "DEBUG $(inherited)";
				SWIFT_OPTIMIZATION_LEVEL = "-Onone";
			};
			name = Debug;
		};
		9EFEF00B2D509D510028E0E3 /* Release */ = {
			isa = XCBuildConfiguration;
			buildSettings = {
				ALWAYS_SEARCH_USER_PATHS = NO;
				ASSETCATALOG_COMPILER_GENERATE_SWIFT_ASSET_SYMBOL_EXTENSIONS = YES;
				CLANG_ANALYZER_NONNULL = YES;
				CLANG_ANALYZER_NUMBER_OBJECT_CONVERSION = YES_AGGRESSIVE;
				CLANG_CXX_LANGUAGE_STANDARD = "gnu++20";
				CLANG_ENABLE_MODULES = YES;
				CLANG_ENABLE_OBJC_ARC = YES;
				CLANG_ENABLE_OBJC_WEAK = YES;
				CLANG_WARN_BLOCK_CAPTURE_AUTORELEASING = YES;
				CLANG_WARN_BOOL_CONVERSION = YES;
				CLANG_WARN_COMMA = YES;
				CLANG_WARN_CONSTANT_CONVERSION = YES;
				CLANG_WARN_DEPRECATED_OBJC_IMPLEMENTATIONS = YES;
				CLANG_WARN_DIRECT_OBJC_ISA_USAGE = YES_ERROR;
				CLANG_WARN_DOCUMENTATION_COMMENTS = YES;
				CLANG_WARN_EMPTY_BODY = YES;
				CLANG_WARN_ENUM_CONVERSION = YES;
				CLANG_WARN_INFINITE_RECURSION = YES;
				CLANG_WARN_INT_CONVERSION = YES;
				CLANG_WARN_NON_LITERAL_NULL_CONVERSION = YES;
				CLANG_WARN_OBJC_IMPLICIT_RETAIN_SELF = YES;
				CLANG_WARN_OBJC_LITERAL_CONVERSION = YES;
				CLANG_WARN_OBJC_ROOT_CLASS = YES_ERROR;
				CLANG_WARN_QUOTED_INCLUDE_IN_FRAMEWORK_HEADER = YES;
				CLANG_WARN_RANGE_LOOP_ANALYSIS = YES;
				CLANG_WARN_STRICT_PROTOTYPES = YES;
				CLANG_WARN_SUSPICIOUS_MOVE = YES;
				CLANG_WARN_UNGUARDED_AVAILABILITY = YES_AGGRESSIVE;
				CLANG_WARN_UNREACHABLE_CODE = YES;
				CLANG_WARN__DUPLICATE_METHOD_MATCH = YES;
				COPY_PHASE_STRIP = NO;
				DEBUG_INFORMATION_FORMAT = "dwarf-with-dsym";
				ENABLE_NS_ASSERTIONS = NO;
				ENABLE_STRICT_OBJC_MSGSEND = YES;
				ENABLE_USER_SCRIPT_SANDBOXING = YES;
				GCC_C_LANGUAGE_STANDARD = gnu17;
				GCC_NO_COMMON_BLOCKS = YES;
				GCC_WARN_64_TO_32_BIT_CONVERSION = YES;
				GCC_WARN_ABOUT_RETURN_TYPE = YES_ERROR;
				GCC_WARN_UNDECLARED_SELECTOR = YES;
				GCC_WARN_UNINITIALIZED_AUTOS = YES_AGGRESSIVE;
				GCC_WARN_UNUSED_FUNCTION = YES;
				GCC_WARN_UNUSED_VARIABLE = YES;
				IPHONEOS_DEPLOYMENT_TARGET = 18.1;
				LOCALIZATION_PREFERS_STRING_CATALOGS = YES;
				MTL_ENABLE_DEBUG_INFO = NO;
				MTL_FAST_MATH = YES;
				SDKROOT = iphoneos;
				SWIFT_COMPILATION_MODE = wholemodule;
				VALIDATE_PRODUCT = YES;
			};
			name = Release;
		};
/* End XCBuildConfiguration section */

/* Begin XCConfigurationList section */
		9EFEEFEF2D509D4E0028E0E3 /* Build configuration list for PBXProject "DailyTask_week7" */ = {
			isa = XCConfigurationList;
			buildConfigurations = (
				9EFEF00A2D509D510028E0E3 /* Debug */,
				9EFEF00B2D509D510028E0E3 /* Release */,
			);
			defaultConfigurationIsVisible = 0;
			defaultConfigurationName = Release;
		};
		9EFEF0072D509D510028E0E3 /* Build configuration list for PBXNativeTarget "DailyTask_week7" */ = {
			isa = XCConfigurationList;
			buildConfigurations = (
				9EFEF0082D509D510028E0E3 /* Debug */,
				9EFEF0092D509D510028E0E3 /* Release */,
			);
			defaultConfigurationIsVisible = 0;
			defaultConfigurationName = Release;
		};
/* End XCConfigurationList section */

/* Begin XCRemoteSwiftPackageReference section */
		9EFEF01E2D509EB90028E0E3 /* XCRemoteSwiftPackageReference "Alamofire" */ = {
			isa = XCRemoteSwiftPackageReference;
			repositoryURL = "https://github.com/Alamofire/Alamofire.git";
			requirement = {
				kind = upToNextMajorVersion;
				minimumVersion = 5.10.2;
			};
		};
		9EFEF0212D509EC20028E0E3 /* XCRemoteSwiftPackageReference "SnapKit" */ = {
			isa = XCRemoteSwiftPackageReference;
			repositoryURL = "https://github.com/SnapKit/SnapKit.git";
			requirement = {
				kind = upToNextMajorVersion;
				minimumVersion = 5.7.1;
			};
		};
		9EFEF0242D509ECB0028E0E3 /* XCRemoteSwiftPackageReference "Then" */ = {
			isa = XCRemoteSwiftPackageReference;
			repositoryURL = "https://github.com/devxoul/Then.git";
			requirement = {
				kind = upToNextMajorVersion;
				minimumVersion = 3.0.0;
			};
		};
/* End XCRemoteSwiftPackageReference section */

/* Begin XCSwiftPackageProductDependency section */
		9EFEF01F2D509EB90028E0E3 /* Alamofire */ = {
			isa = XCSwiftPackageProductDependency;
			package = 9EFEF01E2D509EB90028E0E3 /* XCRemoteSwiftPackageReference "Alamofire" */;
			productName = Alamofire;
		};
		9EFEF0222D509EC20028E0E3 /* SnapKit */ = {
			isa = XCSwiftPackageProductDependency;
			package = 9EFEF0212D509EC20028E0E3 /* XCRemoteSwiftPackageReference "SnapKit" */;
			productName = SnapKit;
		};
		9EFEF0382D50A7FB0028E0E3 /* Then */ = {
			isa = XCSwiftPackageProductDependency;
			package = 9EFEF0242D509ECB0028E0E3 /* XCRemoteSwiftPackageReference "Then" */;
			productName = Then;
		};
/* End XCSwiftPackageProductDependency section */
	};
	rootObject = 9EFEEFEC2D509D4E0028E0E3 /* Project object */;
}
